
Microsoft Visual Studio Solution File, Format Version 12.00
# Visual Studio Version 16
VisualStudioVersion = 16.0.29519.87
MinimumVisualStudioVersion = 10.0.40219.1
Project("{9A19103F-16F7-4668-BE54-9A1E7A4F7556}") = "EneterMessagingFramework", "EneterMessagingFramework\EneterMessagingFramework.csproj", "{99016286-25D0-4856-B9C1-919526F202F7}"
EndProject
Project("{FAE04EC0-301F-11D3-BF4B-00C04F79EFBC}") = "MessagingUnitTests", "MessagingUnitTests\MessagingUnitTests.csproj", "{AA3A0FF1-FDD6-4F4F-8AF9-B9D84FA9910D}"
EndProject
Global
	GlobalSection(SolutionConfigurationPlatforms) = preSolution
		Debug|Any CPU = Debug|Any CPU
		Release|Any CPU = Release|Any CPU
	EndGlobalSection
	GlobalSection(ProjectConfigurationPlatforms) = postSolution
		{99016286-25D0-4856-B9C1-919526F202F7}.Debug|Any CPU.ActiveCfg = Debug|Any CPU
		{99016286-25D0-4856-B9C1-919526F202F7}.Debug|Any CPU.Build.0 = Debug|Any CPU
		{99016286-25D0-4856-B9C1-919526F202F7}.Release|Any CPU.ActiveCfg = Release|Any CPU
		{99016286-25D0-4856-B9C1-919526F202F7}.Release|Any CPU.Build.0 = Release|Any CPU
		{AA3A0FF1-FDD6-4F4F-8AF9-B9D84FA9910D}.Debug|Any CPU.ActiveCfg = Debug|Any CPU
		{AA3A0FF1-FDD6-4F4F-8AF9-B9D84FA9910D}.Debug|Any CPU.Build.0 = Debug|Any CPU
		{AA3A0FF1-FDD6-4F4F-8AF9-B9D84FA9910D}.Release|Any CPU.ActiveCfg = Release|Any CPU
		{AA3A0FF1-FDD6-4F4F-8AF9-B9D84FA9910D}.Release|Any CPU.Build.0 = Release|Any CPU
	EndGlobalSection
	GlobalSection(SolutionProperties) = preSolution
		HideSolutionNode = FALSE
	EndGlobalSection
	GlobalSection(ExtensibilityGlobals) = postSolution
		SolutionGuid = {460E4C08-9DF9-4ED8-A844-57C3EAF45461}
	EndGlobalSection
EndGlobal
