
Microsoft Visual Studio Solution File, Format Version 12.00
# Visual Studio Express 2012 for Windows Desktop
Project("{FAE04EC0-301F-11D3-BF4B-00C04F79EFBC}") = "EneterMessagingFrameworkNet45", "EneterMessagingFramework\EneterMessagingFrameworkNet45.csproj", "{9290D13F-77B6-43CB-A7A2-6287B6D84A49}"
EndProject
Project("{FAE04EC0-301F-11D3-BF4B-00C04F79EFBC}") = "EneterMessagingFrameworkNet40", "EneterMessagingFramework\EneterMessagingFrameworkNet40.csproj", "{8884B886-FCFA-44EA-BE93-F884CCFB7AF2}"
EndProject
Global
	GlobalSection(SolutionConfigurationPlatforms) = preSolution
		Debug|Any CPU = Debug|Any CPU
		Release|Any CPU = Release|Any CPU
	EndGlobalSection
	GlobalSection(ProjectConfigurationPlatforms) = postSolution
		{9290D13F-77B6-43CB-A7A2-6287B6D84A49}.Debug|Any CPU.ActiveCfg = Debug|Any CPU
		{9290D13F-77B6-43CB-A7A2-6287B6D84A49}.Debug|Any CPU.Build.0 = Debug|Any CPU
		{9290D13F-77B6-43CB-A7A2-6287B6D84A49}.Release|Any CPU.ActiveCfg = Release|Any CPU
		{9290D13F-77B6-43CB-A7A2-6287B6D84A49}.Release|Any CPU.Build.0 = Release|Any CPU
		{8884B886-FCFA-44EA-BE93-F884CCFB7AF2}.Debug|Any CPU.ActiveCfg = Debug|Any CPU
		{8884B886-FCFA-44EA-BE93-F884CCFB7AF2}.Debug|Any CPU.Build.0 = Debug|Any CPU
		{8884B886-FCFA-44EA-BE93-F884CCFB7AF2}.Release|Any CPU.ActiveCfg = Release|Any CPU
		{8884B886-FCFA-44EA-BE93-F884CCFB7AF2}.Release|Any CPU.Build.0 = Release|Any CPU
	EndGlobalSection
	GlobalSection(SolutionProperties) = preSolution
		HideSolutionNode = FALSE
	EndGlobalSection
EndGlobal
