
Microsoft Visual Studio Solution File, Format Version 11.00
# Visual Studio 2010
Project("{FAE04EC0-301F-11D3-BF4B-00C04F79EFBC}") = "MessagingUnitTests", "MessagingUnitTests\MessagingUnitTests.csproj", "{AA3A0FF1-FDD6-4F4F-8AF9-B9D84FA9910D}"
EndProject
Project("{54435603-DBB4-11D2-8724-00A0C9A8B90C}") = "EneterMessagingFrameworkSetup", "EneterMessagingFrameworkSetup\EneterMessagingFrameworkSetup.vdproj", "{DBA7543C-7686-410A-A7B6-825A5DE81624}"
EndProject
Project("{54435603-DBB4-11D2-8724-00A0C9A8B90C}") = "EneterMessagingFrameworkSetupWithSrc", "EneterMessagingFrameworkSetupWithSrc\EneterMessagingFrameworkSetupWithSrc.vdproj", "{9FD59793-AC9D-405E-A47C-75CA9E51EF84}"
EndProject
Project("{FAE04EC0-301F-11D3-BF4B-00C04F79EFBC}") = "EneterMessagingFrameworkNet35", "EneterMessagingFramework\EneterMessagingFrameworkNet35.csproj", "{9E2995F5-CC0A-4E5E-A510-E8613864DB47}"
EndProject
Project("{FAE04EC0-301F-11D3-BF4B-00C04F79EFBC}") = "EneterMessagingFrameworkNet40", "EneterMessagingFramework\EneterMessagingFrameworkNet40.csproj", "{8884B886-FCFA-44EA-BE93-F884CCFB7AF2}"
EndProject
Project("{FAE04EC0-301F-11D3-BF4B-00C04F79EFBC}") = "EneterMessagingFrameworkSilverlight3", "EneterMessagingFramework\EneterMessagingFrameworkSilverlight3.csproj", "{5DD41C37-F27D-4303-AF10-37E82B068807}"
EndProject
Project("{FAE04EC0-301F-11D3-BF4B-00C04F79EFBC}") = "EneterMessagingFrameworkSilverlight4", "EneterMessagingFramework\EneterMessagingFrameworkSilverlight4.csproj", "{FB938B23-A3FB-48CB-946D-3EAA5D16A1A4}"
EndProject
Project("{FAE04EC0-301F-11D3-BF4B-00C04F79EFBC}") = "EneterMessagingFrameworkMono264", "EneterMessagingFramework\EneterMessagingFrameworkMono264.csproj", "{48CA0CDF-C9BA-483F-85FA-2A89F02B97FC}"
EndProject
Project("{FAE04EC0-301F-11D3-BF4B-00C04F79EFBC}") = "EneterMessagingFrameworkSilverlight5", "EneterMessagingFramework\EneterMessagingFrameworkSilverlight5.csproj", "{41C96EFD-6A48-4C8F-9CFC-62AB575B2528}"
EndProject
Project("{FAE04EC0-301F-11D3-BF4B-00C04F79EFBC}") = "EneterMessagingFrameworkPhone71", "EneterMessagingFramework\EneterMessagingFrameworkPhone71.csproj", "{5C57F0AD-76C4-4B94-B2C8-D834427CB727}"
EndProject
Project("{7CF6DF6D-3B04-46F8-A40B-537D21BCA0B4}") = "EneterDocumentation", "EneterDocumentation\EneterDocumentation.shfbproj", "{5DC8F2B1-478D-40D0-8259-0DFBF0C1FD03}"
EndProject
Project("{FAE04EC0-301F-11D3-BF4B-00C04F79EFBC}") = "EneterMessagingFrameworkPhone7", "EneterMessagingFramework\EneterMessagingFrameworkPhone7.csproj", "{CDD483DB-2D8A-422C-A3C5-C2200C778539}"
EndProject
Global
	GlobalSection(SubversionScc) = preSolution
		Svn-Managed = True
		Manager = AnkhSVN - Subversion Support for Visual Studio
	EndGlobalSection
	GlobalSection(SolutionConfigurationPlatforms) = preSolution
		Debug|Any CPU = Debug|Any CPU
		Release|Any CPU = Release|Any CPU
	EndGlobalSection
	GlobalSection(ProjectConfigurationPlatforms) = postSolution
		{AA3A0FF1-FDD6-4F4F-8AF9-B9D84FA9910D}.Debug|Any CPU.ActiveCfg = Debug|Any CPU
		{AA3A0FF1-FDD6-4F4F-8AF9-B9D84FA9910D}.Release|Any CPU.ActiveCfg = Release|Any CPU
		{DBA7543C-7686-410A-A7B6-825A5DE81624}.Debug|Any CPU.ActiveCfg = Debug
		{DBA7543C-7686-410A-A7B6-825A5DE81624}.Debug|Any CPU.Build.0 = Debug
		{DBA7543C-7686-410A-A7B6-825A5DE81624}.Release|Any CPU.ActiveCfg = Release
		{DBA7543C-7686-410A-A7B6-825A5DE81624}.Release|Any CPU.Build.0 = Release
		{9FD59793-AC9D-405E-A47C-75CA9E51EF84}.Debug|Any CPU.ActiveCfg = Debug
		{9FD59793-AC9D-405E-A47C-75CA9E51EF84}.Debug|Any CPU.Build.0 = Debug
		{9FD59793-AC9D-405E-A47C-75CA9E51EF84}.Release|Any CPU.ActiveCfg = Release
		{9FD59793-AC9D-405E-A47C-75CA9E51EF84}.Release|Any CPU.Build.0 = Release
		{9E2995F5-CC0A-4E5E-A510-E8613864DB47}.Debug|Any CPU.ActiveCfg = Debug|Any CPU
		{9E2995F5-CC0A-4E5E-A510-E8613864DB47}.Release|Any CPU.ActiveCfg = Release|Any CPU
		{8884B886-FCFA-44EA-BE93-F884CCFB7AF2}.Debug|Any CPU.ActiveCfg = Debug|Any CPU
		{8884B886-FCFA-44EA-BE93-F884CCFB7AF2}.Release|Any CPU.ActiveCfg = Release|Any CPU
		{5DD41C37-F27D-4303-AF10-37E82B068807}.Debug|Any CPU.ActiveCfg = Debug|Any CPU
		{5DD41C37-F27D-4303-AF10-37E82B068807}.Release|Any CPU.ActiveCfg = Release|Any CPU
		{FB938B23-A3FB-48CB-946D-3EAA5D16A1A4}.Debug|Any CPU.ActiveCfg = Debug|Any CPU
		{FB938B23-A3FB-48CB-946D-3EAA5D16A1A4}.Release|Any CPU.ActiveCfg = Release|Any CPU
		{48CA0CDF-C9BA-483F-85FA-2A89F02B97FC}.Debug|Any CPU.ActiveCfg = Debug|Any CPU
		{48CA0CDF-C9BA-483F-85FA-2A89F02B97FC}.Release|Any CPU.ActiveCfg = Release|Any CPU
		{41C96EFD-6A48-4C8F-9CFC-62AB575B2528}.Debug|Any CPU.ActiveCfg = Debug|Any CPU
		{41C96EFD-6A48-4C8F-9CFC-62AB575B2528}.Release|Any CPU.ActiveCfg = Release|Any CPU
		{5C57F0AD-76C4-4B94-B2C8-D834427CB727}.Debug|Any CPU.ActiveCfg = Debug|Any CPU
		{5C57F0AD-76C4-4B94-B2C8-D834427CB727}.Release|Any CPU.ActiveCfg = Release|Any CPU
		{5DC8F2B1-478D-40D0-8259-0DFBF0C1FD03}.Debug|Any CPU.ActiveCfg = Debug|Any CPU
		{5DC8F2B1-478D-40D0-8259-0DFBF0C1FD03}.Release|Any CPU.ActiveCfg = Release|Any CPU
		{CDD483DB-2D8A-422C-A3C5-C2200C778539}.Debug|Any CPU.ActiveCfg = Debug|Any CPU
		{CDD483DB-2D8A-422C-A3C5-C2200C778539}.Debug|Any CPU.Build.0 = Debug|Any CPU
		{CDD483DB-2D8A-422C-A3C5-C2200C778539}.Release|Any CPU.ActiveCfg = Release|Any CPU
		{CDD483DB-2D8A-422C-A3C5-C2200C778539}.Release|Any CPU.Build.0 = Release|Any CPU
	EndGlobalSection
	GlobalSection(SolutionProperties) = preSolution
		HideSolutionNode = FALSE
	EndGlobalSection
EndGlobal
